
Microsoft Visual Studio Solution File, Format Version 12.00
# Visual Studio 15
Project("{FAE04EC0-301F-11D3-BF4B-00C04F79EFBC}") = "Assembly-CSharp", "Assembly-CSharp.csproj", "{FEBA4B22-8D6D-A654-1F42-9E8D4C081866}"
EndProject
Global
	GlobalSection(SolutionConfigurationPlatforms) = preSolution
		Debug|Any CPU = Debug|Any CPU
		Release|Any CPU = Release|Any CPU
	EndGlobalSection
	GlobalSection(ProjectConfigurationPlatforms) = postSolution
		{FEBA4B22-8D6D-A654-1F42-9E8D4C081866}.Debug|Any CPU.ActiveCfg = Debug|Any CPU
		{FEBA4B22-8D6D-A654-1F42-9E8D4C081866}.Debug|Any CPU.Build.0 = Debug|Any CPU
		{FEBA4B22-8D6D-A654-1F42-9E8D4C081866}.Release|Any CPU.ActiveCfg = Release|Any CPU
		{FEBA4B22-8D6D-A654-1F42-9E8D4C081866}.Release|Any CPU.Build.0 = Release|Any CPU
	EndGlobalSection
	GlobalSection(SolutionProperties) = preSolution
		HideSolutionNode = FALSE
	EndGlobalSection
EndGlobal
